
Microsoft Visual Studio Solution File, Format Version 12.00
Project("{FAE04EC0-301F-11D3-BF4B-00C04F79EFBC}") = "Ezley.ProjectionStore", "Ezley.ProjectionStore\Ezley.ProjectionStore.csproj", "{1FE16E1C-4D2F-4FA7-9487-22ED755F068B}"
EndProject
Project("{FAE04EC0-301F-11D3-BF4B-00C04F79EFBC}") = "Ezley.EventStore", "Ezley.EventStore\Ezley.EventStore.csproj", "{1809CA66-DBC6-4A0F-A30B-BFDDFA24587A}"
EndProject
Project("{FAE04EC0-301F-11D3-BF4B-00C04F79EFBC}") = "Ezley.Events", "Ezley.Events\Ezley.Events.csproj", "{BE3E5C44-9913-4A62-B4F1-3EF122A967D6}"
EndProject
Project("{FAE04EC0-301F-11D3-BF4B-00C04F79EFBC}") = "Ezley.ValueObjects", "Ezley.ValueObjects\Ezley.ValueObjects.csproj", "{7D2A3716-B493-4C00-B9E1-DE4109A66E02}"
EndProject
Project("{FAE04EC0-301F-11D3-BF4B-00C04F79EFBC}") = "Ezley.Projections", "Ezley.Projections\Ezley.Projections.csproj", "{17F5EA72-2D19-4216-AAD8-AA8E594D366E}"
EndProject
Project("{FAE04EC0-301F-11D3-BF4B-00C04F79EFBC}") = "Ezley.CQRS.Commands", "Ezley.CQRS.Commands\Ezley.CQRS.Commands.csproj", "{B497DC00-4997-4324-BCE9-C50EAC16DCFE}"
EndProject
Project("{FAE04EC0-301F-11D3-BF4B-00C04F79EFBC}") = "Ezley.Testing", "Ezley.Testing\Ezley.Testing.csproj", "{14AD5299-90DF-4F4E-8CC3-224BB5493562}"
EndProject
Project("{FAE04EC0-301F-11D3-BF4B-00C04F79EFBC}") = "Ezley.CQRS.Requests", "Ezley.CQRS.Requests\Ezley.CQRS.Requests.csproj", "{5E4CAEDA-6F8A-429B-84B6-EFC47FEE9AC4}"
EndProject
Project("{2150E333-8FDC-42A3-9474-1A3956D46DE8}") = "Ezley.EventSourcing", "Ezley.EventSourcing", "{CF29C83B-2D54-4DB9-98BA-A7EF1CB15F43}"
EndProject
Project("{2150E333-8FDC-42A3-9474-1A3956D46DE8}") = "Applications", "Applications", "{1DBF9E3F-67CB-47E8-A878-23F4E81947D8}"
EndProject
Project("{FAE04EC0-301F-11D3-BF4B-00C04F79EFBC}") = "Ezley.SnapshotStore", "Ezley.SnapshotStore\Ezley.SnapshotStore.csproj", "{F334C5B2-FDEB-4229-BE72-7B7551BDB82E}"
EndProject
Project("{FAE04EC0-301F-11D3-BF4B-00C04F79EFBC}") = "Ezley.API.Requests", "Ezley.API.Requests\Ezley.API.Requests.csproj", "{A6D1F9DC-8FAA-4954-8634-E41DED9D815A}"
EndProject
Project("{FAE04EC0-301F-11D3-BF4B-00C04F79EFBC}") = "Ezley.API.Commands", "Ezley.API.Commands\Ezley.API.Commands.csproj", "{3FE01472-8CFA-45E0-B606-15B15DE6C426}"
EndProject
Project("{FAE04EC0-301F-11D3-BF4B-00C04F79EFBC}") = "Ezley.Domain.CRM", "Ezley.Domain.CRM\Ezley.Domain.CRM.csproj", "{14C70015-C6F5-4B78-B694-EFADCA1E3F49}"
EndProject
Project("{FAE04EC0-301F-11D3-BF4B-00C04F79EFBC}") = "Ezley.Domain", "Ezley.Domain\Ezley.Domain.csproj", "{2A4F165B-7623-41E6-9DFE-897BB753ADDB}"
EndProject
Project("{FAE04EC0-301F-11D3-BF4B-00C04F79EFBC}") = "Ezley.EventSourcing.Shared", "Ezley.EventSourcing.Shared\Ezley.EventSourcing.Shared.csproj", "{0D93D13F-D376-498A-9CE9-C2A0F7F528B2}"
EndProject
Project("{FAE04EC0-301F-11D3-BF4B-00C04F79EFBC}") = "Ezley.Shared", "Ezley.Shared\Ezley.Shared.csproj", "{90966729-10A3-46ED-945B-9F51F2081F9C}"
EndProject
Project("{FAE04EC0-301F-11D3-BF4B-00C04F79EFBC}") = "Ezley.Domain.Auth", "Ezley.Domain.Auth\Ezley.Domain.Auth.csproj", "{D47429B8-1963-432F-960E-30B7CDAFEA0F}"
EndProject
Project("{2150E333-8FDC-42A3-9474-1A3956D46DE8}") = "Testing", "Testing", "{A245840C-39E4-45EF-8915-9C93E676C80F}"
EndProject
Project("{2150E333-8FDC-42A3-9474-1A3956D46DE8}") = "Domains", "Domains", "{621F4E9C-7411-49E5-8CDD-142C0F1CD5AC}"
EndProject
Project("{2150E333-8FDC-42A3-9474-1A3956D46DE8}") = "CommandsAndRequests", "CommandsAndRequests", "{24E2015C-2A77-42B8-873E-705BD1853C7D}"
EndProject
Global
	GlobalSection(SolutionConfigurationPlatforms) = preSolution
		Debug|Any CPU = Debug|Any CPU
		Release|Any CPU = Release|Any CPU
	EndGlobalSection
	GlobalSection(ProjectConfigurationPlatforms) = postSolution
		{1FE16E1C-4D2F-4FA7-9487-22ED755F068B}.Debug|Any CPU.ActiveCfg = Debug|Any CPU
		{1FE16E1C-4D2F-4FA7-9487-22ED755F068B}.Debug|Any CPU.Build.0 = Debug|Any CPU
		{1FE16E1C-4D2F-4FA7-9487-22ED755F068B}.Release|Any CPU.ActiveCfg = Release|Any CPU
		{1FE16E1C-4D2F-4FA7-9487-22ED755F068B}.Release|Any CPU.Build.0 = Release|Any CPU
		{1809CA66-DBC6-4A0F-A30B-BFDDFA24587A}.Debug|Any CPU.ActiveCfg = Debug|Any CPU
		{1809CA66-DBC6-4A0F-A30B-BFDDFA24587A}.Debug|Any CPU.Build.0 = Debug|Any CPU
		{1809CA66-DBC6-4A0F-A30B-BFDDFA24587A}.Release|Any CPU.ActiveCfg = Release|Any CPU
		{1809CA66-DBC6-4A0F-A30B-BFDDFA24587A}.Release|Any CPU.Build.0 = Release|Any CPU
		{BE3E5C44-9913-4A62-B4F1-3EF122A967D6}.Debug|Any CPU.ActiveCfg = Debug|Any CPU
		{BE3E5C44-9913-4A62-B4F1-3EF122A967D6}.Debug|Any CPU.Build.0 = Debug|Any CPU
		{BE3E5C44-9913-4A62-B4F1-3EF122A967D6}.Release|Any CPU.ActiveCfg = Release|Any CPU
		{BE3E5C44-9913-4A62-B4F1-3EF122A967D6}.Release|Any CPU.Build.0 = Release|Any CPU
		{7D2A3716-B493-4C00-B9E1-DE4109A66E02}.Debug|Any CPU.ActiveCfg = Debug|Any CPU
		{7D2A3716-B493-4C00-B9E1-DE4109A66E02}.Debug|Any CPU.Build.0 = Debug|Any CPU
		{7D2A3716-B493-4C00-B9E1-DE4109A66E02}.Release|Any CPU.ActiveCfg = Release|Any CPU
		{7D2A3716-B493-4C00-B9E1-DE4109A66E02}.Release|Any CPU.Build.0 = Release|Any CPU
		{17F5EA72-2D19-4216-AAD8-AA8E594D366E}.Debug|Any CPU.ActiveCfg = Debug|Any CPU
		{17F5EA72-2D19-4216-AAD8-AA8E594D366E}.Debug|Any CPU.Build.0 = Debug|Any CPU
		{17F5EA72-2D19-4216-AAD8-AA8E594D366E}.Release|Any CPU.ActiveCfg = Release|Any CPU
		{17F5EA72-2D19-4216-AAD8-AA8E594D366E}.Release|Any CPU.Build.0 = Release|Any CPU
		{B497DC00-4997-4324-BCE9-C50EAC16DCFE}.Debug|Any CPU.ActiveCfg = Debug|Any CPU
		{B497DC00-4997-4324-BCE9-C50EAC16DCFE}.Debug|Any CPU.Build.0 = Debug|Any CPU
		{B497DC00-4997-4324-BCE9-C50EAC16DCFE}.Release|Any CPU.ActiveCfg = Release|Any CPU
		{B497DC00-4997-4324-BCE9-C50EAC16DCFE}.Release|Any CPU.Build.0 = Release|Any CPU
		{14AD5299-90DF-4F4E-8CC3-224BB5493562}.Debug|Any CPU.ActiveCfg = Debug|Any CPU
		{14AD5299-90DF-4F4E-8CC3-224BB5493562}.Debug|Any CPU.Build.0 = Debug|Any CPU
		{14AD5299-90DF-4F4E-8CC3-224BB5493562}.Release|Any CPU.ActiveCfg = Release|Any CPU
		{14AD5299-90DF-4F4E-8CC3-224BB5493562}.Release|Any CPU.Build.0 = Release|Any CPU
		{5E4CAEDA-6F8A-429B-84B6-EFC47FEE9AC4}.Debug|Any CPU.ActiveCfg = Debug|Any CPU
		{5E4CAEDA-6F8A-429B-84B6-EFC47FEE9AC4}.Debug|Any CPU.Build.0 = Debug|Any CPU
		{5E4CAEDA-6F8A-429B-84B6-EFC47FEE9AC4}.Release|Any CPU.ActiveCfg = Release|Any CPU
		{5E4CAEDA-6F8A-429B-84B6-EFC47FEE9AC4}.Release|Any CPU.Build.0 = Release|Any CPU
		{F334C5B2-FDEB-4229-BE72-7B7551BDB82E}.Debug|Any CPU.ActiveCfg = Debug|Any CPU
		{F334C5B2-FDEB-4229-BE72-7B7551BDB82E}.Debug|Any CPU.Build.0 = Debug|Any CPU
		{F334C5B2-FDEB-4229-BE72-7B7551BDB82E}.Release|Any CPU.ActiveCfg = Release|Any CPU
		{F334C5B2-FDEB-4229-BE72-7B7551BDB82E}.Release|Any CPU.Build.0 = Release|Any CPU
		{A6D1F9DC-8FAA-4954-8634-E41DED9D815A}.Debug|Any CPU.ActiveCfg = Debug|Any CPU
		{A6D1F9DC-8FAA-4954-8634-E41DED9D815A}.Debug|Any CPU.Build.0 = Debug|Any CPU
		{A6D1F9DC-8FAA-4954-8634-E41DED9D815A}.Release|Any CPU.ActiveCfg = Release|Any CPU
		{A6D1F9DC-8FAA-4954-8634-E41DED9D815A}.Release|Any CPU.Build.0 = Release|Any CPU
		{3FE01472-8CFA-45E0-B606-15B15DE6C426}.Debug|Any CPU.ActiveCfg = Debug|Any CPU
		{3FE01472-8CFA-45E0-B606-15B15DE6C426}.Debug|Any CPU.Build.0 = Debug|Any CPU
		{3FE01472-8CFA-45E0-B606-15B15DE6C426}.Release|Any CPU.ActiveCfg = Release|Any CPU
		{3FE01472-8CFA-45E0-B606-15B15DE6C426}.Release|Any CPU.Build.0 = Release|Any CPU
		{14C70015-C6F5-4B78-B694-EFADCA1E3F49}.Debug|Any CPU.ActiveCfg = Debug|Any CPU
		{14C70015-C6F5-4B78-B694-EFADCA1E3F49}.Debug|Any CPU.Build.0 = Debug|Any CPU
		{14C70015-C6F5-4B78-B694-EFADCA1E3F49}.Release|Any CPU.ActiveCfg = Release|Any CPU
		{14C70015-C6F5-4B78-B694-EFADCA1E3F49}.Release|Any CPU.Build.0 = Release|Any CPU
		{2A4F165B-7623-41E6-9DFE-897BB753ADDB}.Debug|Any CPU.ActiveCfg = Debug|Any CPU
		{2A4F165B-7623-41E6-9DFE-897BB753ADDB}.Debug|Any CPU.Build.0 = Debug|Any CPU
		{2A4F165B-7623-41E6-9DFE-897BB753ADDB}.Release|Any CPU.ActiveCfg = Release|Any CPU
		{2A4F165B-7623-41E6-9DFE-897BB753ADDB}.Release|Any CPU.Build.0 = Release|Any CPU
		{0D93D13F-D376-498A-9CE9-C2A0F7F528B2}.Debug|Any CPU.ActiveCfg = Debug|Any CPU
		{0D93D13F-D376-498A-9CE9-C2A0F7F528B2}.Debug|Any CPU.Build.0 = Debug|Any CPU
		{0D93D13F-D376-498A-9CE9-C2A0F7F528B2}.Release|Any CPU.ActiveCfg = Release|Any CPU
		{0D93D13F-D376-498A-9CE9-C2A0F7F528B2}.Release|Any CPU.Build.0 = Release|Any CPU
		{90966729-10A3-46ED-945B-9F51F2081F9C}.Debug|Any CPU.ActiveCfg = Debug|Any CPU
		{90966729-10A3-46ED-945B-9F51F2081F9C}.Debug|Any CPU.Build.0 = Debug|Any CPU
		{90966729-10A3-46ED-945B-9F51F2081F9C}.Release|Any CPU.ActiveCfg = Release|Any CPU
		{90966729-10A3-46ED-945B-9F51F2081F9C}.Release|Any CPU.Build.0 = Release|Any CPU
		{D47429B8-1963-432F-960E-30B7CDAFEA0F}.Debug|Any CPU.ActiveCfg = Debug|Any CPU
		{D47429B8-1963-432F-960E-30B7CDAFEA0F}.Debug|Any CPU.Build.0 = Debug|Any CPU
		{D47429B8-1963-432F-960E-30B7CDAFEA0F}.Release|Any CPU.ActiveCfg = Release|Any CPU
		{D47429B8-1963-432F-960E-30B7CDAFEA0F}.Release|Any CPU.Build.0 = Release|Any CPU
	EndGlobalSection
	GlobalSection(NestedProjects) = preSolution
		{1809CA66-DBC6-4A0F-A30B-BFDDFA24587A} = {CF29C83B-2D54-4DB9-98BA-A7EF1CB15F43}
		{1FE16E1C-4D2F-4FA7-9487-22ED755F068B} = {CF29C83B-2D54-4DB9-98BA-A7EF1CB15F43}
		{F334C5B2-FDEB-4229-BE72-7B7551BDB82E} = {CF29C83B-2D54-4DB9-98BA-A7EF1CB15F43}
		{A6D1F9DC-8FAA-4954-8634-E41DED9D815A} = {1DBF9E3F-67CB-47E8-A878-23F4E81947D8}
		{3FE01472-8CFA-45E0-B606-15B15DE6C426} = {1DBF9E3F-67CB-47E8-A878-23F4E81947D8}
		{0D93D13F-D376-498A-9CE9-C2A0F7F528B2} = {CF29C83B-2D54-4DB9-98BA-A7EF1CB15F43}
		{14AD5299-90DF-4F4E-8CC3-224BB5493562} = {A245840C-39E4-45EF-8915-9C93E676C80F}
		{2A4F165B-7623-41E6-9DFE-897BB753ADDB} = {621F4E9C-7411-49E5-8CDD-142C0F1CD5AC}
		{D47429B8-1963-432F-960E-30B7CDAFEA0F} = {621F4E9C-7411-49E5-8CDD-142C0F1CD5AC}
		{14C70015-C6F5-4B78-B694-EFADCA1E3F49} = {621F4E9C-7411-49E5-8CDD-142C0F1CD5AC}
		{B497DC00-4997-4324-BCE9-C50EAC16DCFE} = {24E2015C-2A77-42B8-873E-705BD1853C7D}
		{5E4CAEDA-6F8A-429B-84B6-EFC47FEE9AC4} = {24E2015C-2A77-42B8-873E-705BD1853C7D}
	EndGlobalSection
EndGlobal
